
Microsoft Visual Studio Solution File, Format Version 12.00
# Visual Studio 15
VisualStudioVersion = 15.0.27703.2000
MinimumVisualStudioVersion = 10.0.40219.1
Project("{FAE04EC0-301F-11D3-BF4B-00C04F79EFBC}") = "Project 10 Faktoriyel App", "Project 10 Faktoriyel App\Project 10 Faktoriyel App.csproj", "{086C4A63-9FD3-482C-8B66-DE131CC48ADD}"
EndProject
Global
	GlobalSection(SolutionConfigurationPlatforms) = preSolution
		Debug|Any CPU = Debug|Any CPU
		Release|Any CPU = Release|Any CPU
	EndGlobalSection
	GlobalSection(ProjectConfigurationPlatforms) = postSolution
		{086C4A63-9FD3-482C-8B66-DE131CC48ADD}.Debug|Any CPU.ActiveCfg = Debug|Any CPU
		{086C4A63-9FD3-482C-8B66-DE131CC48ADD}.Debug|Any CPU.Build.0 = Debug|Any CPU
		{086C4A63-9FD3-482C-8B66-DE131CC48ADD}.Release|Any CPU.ActiveCfg = Release|Any CPU
		{086C4A63-9FD3-482C-8B66-DE131CC48ADD}.Release|Any CPU.Build.0 = Release|Any CPU
	EndGlobalSection
	GlobalSection(SolutionProperties) = preSolution
		HideSolutionNode = FALSE
	EndGlobalSection
	GlobalSection(ExtensibilityGlobals) = postSolution
		SolutionGuid = {924B1ECC-FC38-4708-9334-32743F4DA3B7}
	EndGlobalSection
EndGlobal
